
Microsoft Visual Studio Solution File, Format Version 12.00
# Visual Studio 2013
VisualStudioVersion = 12.0.21005.1
MinimumVisualStudioVersion = 10.0.40219.1
Project("{54435603-DBB4-11D2-8724-00A0C9A8B90C}") = "SanmarChemPlastMaintenanceRecordSetup", "SanmarChemPlastMaintenanceRecordSetup\SanmarChemPlastMaintenanceRecordSetup.vdproj", "{149D2EAD-198B-4A2A-84C2-A6865E1AC656}"
EndProject
Project("{FAE04EC0-301F-11D3-BF4B-00C04F79EFBC}") = "MaintenanceApplication", "..\MaintenanceApplication\MaintenanceApplication\MaintenanceApplication.csproj", "{3E3FB505-72D0-4A58-8B0D-0BBB4FBE922B}"
EndProject
Global
	GlobalSection(SolutionConfigurationPlatforms) = preSolution
		Debug|Any CPU = Debug|Any CPU
		Release|Any CPU = Release|Any CPU
	EndGlobalSection
	GlobalSection(ProjectConfigurationPlatforms) = postSolution
		{149D2EAD-198B-4A2A-84C2-A6865E1AC656}.Debug|Any CPU.ActiveCfg = Debug
		{149D2EAD-198B-4A2A-84C2-A6865E1AC656}.Debug|Any CPU.Build.0 = Debug
		{149D2EAD-198B-4A2A-84C2-A6865E1AC656}.Release|Any CPU.ActiveCfg = Release
		{149D2EAD-198B-4A2A-84C2-A6865E1AC656}.Release|Any CPU.Build.0 = Release
		{3E3FB505-72D0-4A58-8B0D-0BBB4FBE922B}.Debug|Any CPU.ActiveCfg = Debug|Any CPU
		{3E3FB505-72D0-4A58-8B0D-0BBB4FBE922B}.Debug|Any CPU.Build.0 = Debug|Any CPU
		{3E3FB505-72D0-4A58-8B0D-0BBB4FBE922B}.Release|Any CPU.ActiveCfg = Release|Any CPU
		{3E3FB505-72D0-4A58-8B0D-0BBB4FBE922B}.Release|Any CPU.Build.0 = Release|Any CPU
	EndGlobalSection
	GlobalSection(SolutionProperties) = preSolution
		HideSolutionNode = FALSE
	EndGlobalSection
EndGlobal
